
Microsoft Visual Studio Solution File, Format Version 12.00
# Visual Studio 2012
Project("{FAE04EC0-301F-11D3-BF4B-00C04F79EFBC}") = "MinStack", "MinStack\MinStack.csproj", "{842E491C-154E-4FFE-8E52-FB9C8702290D}"
EndProject
Global
	GlobalSection(SolutionConfigurationPlatforms) = preSolution
		Debug|Any CPU = Debug|Any CPU
		Release|Any CPU = Release|Any CPU
	EndGlobalSection
	GlobalSection(ProjectConfigurationPlatforms) = postSolution
		{842E491C-154E-4FFE-8E52-FB9C8702290D}.Debug|Any CPU.ActiveCfg = Debug|Any CPU
		{842E491C-154E-4FFE-8E52-FB9C8702290D}.Debug|Any CPU.Build.0 = Debug|Any CPU
		{842E491C-154E-4FFE-8E52-FB9C8702290D}.Release|Any CPU.ActiveCfg = Release|Any CPU
		{842E491C-154E-4FFE-8E52-FB9C8702290D}.Release|Any CPU.Build.0 = Release|Any CPU
	EndGlobalSection
	GlobalSection(SolutionProperties) = preSolution
		HideSolutionNode = FALSE
	EndGlobalSection
EndGlobal
